// !$*UTF8*$!
{
	archiveVersion = 1;
	classes = {
	};
	objectVersion = 55;
	objects = {

/* Begin PBXBuildFile section */
		7F032704284261A400E084AD /* pictel_sound_library.cpp in Sources */ = {isa = PBXBuildFile; fileRef = 7F0326FF2842619500E084AD /* pictel_sound_library.cpp */; };
		7F0327112842621A00E084AD /* main.mm in Sources */ = {isa = PBXBuildFile; fileRef = 7F0327032842619500E084AD /* main.mm */; };
		7F032718284264D800E084AD /* player.cpp in Sources */ = {isa = PBXBuildFile; fileRef = 7F032716284264D800E084AD /* player.cpp */; };
		7F032719284264D800E084AD /* player.hpp in Headers */ = {isa = PBXBuildFile; fileRef = 7F032717284264D800E084AD /* player.hpp */; };
		7F03271B284274A900E084AD /* libPictel-sound-macos.a in Frameworks */ = {isa = PBXBuildFile; fileRef = 7F0326ED2842616E00E084AD /* libPictel-sound-macos.a */; };
		7F0327442842760300E084AD /* libvorbisfile.a in Frameworks */ = {isa = PBXBuildFile; fileRef = 7F03273E284275F000E084AD /* libvorbisfile.a */; };
		7F0327452842760500E084AD /* libogg.a in Frameworks */ = {isa = PBXBuildFile; fileRef = 7F03273F284275F000E084AD /* libogg.a */; };
		7F0327462842760600E084AD /* libvorbisenc.a in Frameworks */ = {isa = PBXBuildFile; fileRef = 7F032740284275F000E084AD /* libvorbisenc.a */; };
		7F0327472842760800E084AD /* libvorbis.a in Frameworks */ = {isa = PBXBuildFile; fileRef = 7F032741284275F000E084AD /* libvorbis.a */; };
		7F03274B284279BC00E084AD /* decoder_vorbis.cpp in Sources */ = {isa = PBXBuildFile; fileRef = 7F032749284279BC00E084AD /* decoder_vorbis.cpp */; };
		7F03274C284279BC00E084AD /* decoder_vorbis.hpp in Headers */ = {isa = PBXBuildFile; fileRef = 7F03274A284279BC00E084AD /* decoder_vorbis.hpp */; };
		7F0327512842836C00E084AD /* system_audio_macos.mm in Sources */ = {isa = PBXBuildFile; fileRef = 7F03274F2842836C00E084AD /* system_audio_macos.mm */; };
		7F0327522842836C00E084AD /* system_audio_macos.h in Headers */ = {isa = PBXBuildFile; fileRef = 7F0327502842836C00E084AD /* system_audio_macos.h */; };
		7F032754284284FB00E084AD /* AudioToolbox.framework in Frameworks */ = {isa = PBXBuildFile; fileRef = 7F032753284284FB00E084AD /* AudioToolbox.framework */; };
		7F03275528437A5600E084AD /* AudioToolbox.framework in Frameworks */ = {isa = PBXBuildFile; fileRef = 7F032753284284FB00E084AD /* AudioToolbox.framework */; };
		7F03275828437B7A00E084AD /* Foundation.framework in Frameworks */ = {isa = PBXBuildFile; fileRef = 7F03275628437B7A00E084AD /* Foundation.framework */; };
		7F03275928437B7A00E084AD /* CoreFoundation.framework in Frameworks */ = {isa = PBXBuildFile; fileRef = 7F03275728437B7A00E084AD /* CoreFoundation.framework */; };
		7F03275A28437BA000E084AD /* CoreFoundation.framework in Frameworks */ = {isa = PBXBuildFile; fileRef = 7F03275728437B7A00E084AD /* CoreFoundation.framework */; };
		7F03275B28437BA000E084AD /* Foundation.framework in Frameworks */ = {isa = PBXBuildFile; fileRef = 7F03275628437B7A00E084AD /* Foundation.framework */; };
/* End PBXBuildFile section */

/* Begin PBXContainerItemProxy section */
		7F0327122842622100E084AD /* PBXContainerItemProxy */ = {
			isa = PBXContainerItemProxy;
			containerPortal = 7F0326E52842616E00E084AD /* Project object */;
			proxyType = 1;
			remoteGlobalIDString = 7F0326EC2842616E00E084AD;
			remoteInfo = "Pictel-sound";
		};
/* End PBXContainerItemProxy section */

/* Begin PBXCopyFilesBuildPhase section */
		7F0327082842620C00E084AD /* CopyFiles */ = {
			isa = PBXCopyFilesBuildPhase;
			buildActionMask = 2147483647;
			dstPath = /usr/share/man/man1/;
			dstSubfolderSpec = 0;
			files = (
			);
			runOnlyForDeploymentPostprocessing = 1;
		};
/* End PBXCopyFilesBuildPhase section */

/* Begin PBXFileReference section */
		7F0326ED2842616E00E084AD /* libPictel-sound-macos.a */ = {isa = PBXFileReference; explicitFileType = archive.ar; includeInIndex = 0; path = "libPictel-sound-macos.a"; sourceTree = BUILT_PRODUCTS_DIR; };
		7F0326FE2842619500E084AD /* pictel_sound.h */ = {isa = PBXFileReference; lastKnownFileType = sourcecode.c.h; path = pictel_sound.h; sourceTree = "<group>"; };
		7F0326FF2842619500E084AD /* pictel_sound_library.cpp */ = {isa = PBXFileReference; lastKnownFileType = sourcecode.cpp.cpp; path = pictel_sound_library.cpp; sourceTree = "<group>"; };
		7F0327032842619500E084AD /* main.mm */ = {isa = PBXFileReference; lastKnownFileType = sourcecode.cpp.objcpp; path = main.mm; sourceTree = "<group>"; };
		7F03270A2842620C00E084AD /* Pictel-cmd-sample-app */ = {isa = PBXFileReference; explicitFileType = "compiled.mach-o.executable"; includeInIndex = 0; path = "Pictel-cmd-sample-app"; sourceTree = BUILT_PRODUCTS_DIR; };
		7F032716284264D800E084AD /* player.cpp */ = {isa = PBXFileReference; lastKnownFileType = sourcecode.cpp.cpp; path = player.cpp; sourceTree = "<group>"; };
		7F032717284264D800E084AD /* player.hpp */ = {isa = PBXFileReference; lastKnownFileType = sourcecode.cpp.h; path = player.hpp; sourceTree = "<group>"; };
		7F03273C284275F000E084AD /* README */ = {isa = PBXFileReference; lastKnownFileType = text; path = README; sourceTree = "<group>"; };
		7F03273E284275F000E084AD /* libvorbisfile.a */ = {isa = PBXFileReference; lastKnownFileType = archive.ar; path = libvorbisfile.a; sourceTree = "<group>"; };
		7F03273F284275F000E084AD /* libogg.a */ = {isa = PBXFileReference; lastKnownFileType = archive.ar; path = libogg.a; sourceTree = "<group>"; };
		7F032740284275F000E084AD /* libvorbisenc.a */ = {isa = PBXFileReference; lastKnownFileType = archive.ar; path = libvorbisenc.a; sourceTree = "<group>"; };
		7F032741284275F000E084AD /* libvorbis.a */ = {isa = PBXFileReference; lastKnownFileType = archive.ar; path = libvorbis.a; sourceTree = "<group>"; };
		7F032743284275F000E084AD /* README */ = {isa = PBXFileReference; lastKnownFileType = text; path = README; sourceTree = "<group>"; };
		7F0327482842794900E084AD /* interfaces.h */ = {isa = PBXFileReference; lastKnownFileType = sourcecode.c.h; path = interfaces.h; sourceTree = "<group>"; };
		7F032749284279BC00E084AD /* decoder_vorbis.cpp */ = {isa = PBXFileReference; lastKnownFileType = sourcecode.cpp.cpp; path = decoder_vorbis.cpp; sourceTree = "<group>"; };
		7F03274A284279BC00E084AD /* decoder_vorbis.hpp */ = {isa = PBXFileReference; lastKnownFileType = sourcecode.cpp.h; path = decoder_vorbis.hpp; sourceTree = "<group>"; };
		7F03274F2842836C00E084AD /* system_audio_macos.mm */ = {isa = PBXFileReference; lastKnownFileType = sourcecode.cpp.objcpp; path = system_audio_macos.mm; sourceTree = "<group>"; };
		7F0327502842836C00E084AD /* system_audio_macos.h */ = {isa = PBXFileReference; lastKnownFileType = sourcecode.c.h; path = system_audio_macos.h; sourceTree = "<group>"; };
		7F032753284284FB00E084AD /* AudioToolbox.framework */ = {isa = PBXFileReference; lastKnownFileType = wrapper.framework; name = AudioToolbox.framework; path = System/Library/Frameworks/AudioToolbox.framework; sourceTree = SDKROOT; };
		7F03275628437B7A00E084AD /* Foundation.framework */ = {isa = PBXFileReference; lastKnownFileType = wrapper.framework; name = Foundation.framework; path = System/Library/Frameworks/Foundation.framework; sourceTree = SDKROOT; };
		7F03275728437B7A00E084AD /* CoreFoundation.framework */ = {isa = PBXFileReference; lastKnownFileType = wrapper.framework; name = CoreFoundation.framework; path = System/Library/Frameworks/CoreFoundation.framework; sourceTree = SDKROOT; };
		7F03275C2843B54600E084AD /* pictel_sound.hpp */ = {isa = PBXFileReference; lastKnownFileType = sourcecode.cpp.h; path = pictel_sound.hpp; sourceTree = "<group>"; };
/* End PBXFileReference section */

/* Begin PBXFrameworksBuildPhase section */
		7F0326EB2842616E00E084AD /* Frameworks */ = {
			isa = PBXFrameworksBuildPhase;
			buildActionMask = 2147483647;
			files = (
				7F03275828437B7A00E084AD /* Foundation.framework in Frameworks */,
				7F03275928437B7A00E084AD /* CoreFoundation.framework in Frameworks */,
				7F032754284284FB00E084AD /* AudioToolbox.framework in Frameworks */,
				7F0327442842760300E084AD /* libvorbisfile.a in Frameworks */,
				7F0327452842760500E084AD /* libogg.a in Frameworks */,
				7F0327462842760600E084AD /* libvorbisenc.a in Frameworks */,
				7F0327472842760800E084AD /* libvorbis.a in Frameworks */,
			);
			runOnlyForDeploymentPostprocessing = 0;
		};
		7F0327072842620C00E084AD /* Frameworks */ = {
			isa = PBXFrameworksBuildPhase;
			buildActionMask = 2147483647;
			files = (
				7F03275A28437BA000E084AD /* CoreFoundation.framework in Frameworks */,
				7F03275B28437BA000E084AD /* Foundation.framework in Frameworks */,
				7F03275528437A5600E084AD /* AudioToolbox.framework in Frameworks */,
				7F03271B284274A900E084AD /* libPictel-sound-macos.a in Frameworks */,
			);
			runOnlyForDeploymentPostprocessing = 0;
		};
/* End PBXFrameworksBuildPhase section */

/* Begin PBXGroup section */
		7F0326E42842616E00E084AD = {
			isa = PBXGroup;
			children = (
				7F0326FB2842619500E084AD /* src */,
				7F0326EE2842616E00E084AD /* Products */,
				7F032739284275DE00E084AD /* Dependencies */,
				7F0327142842622500E084AD /* Frameworks */,
			);
			sourceTree = "<group>";
		};
		7F0326EE2842616E00E084AD /* Products */ = {
			isa = PBXGroup;
			children = (
				7F0326ED2842616E00E084AD /* libPictel-sound-macos.a */,
				7F03270A2842620C00E084AD /* Pictel-cmd-sample-app */,
			);
			name = Products;
			sourceTree = "<group>";
		};
		7F0326FB2842619500E084AD /* src */ = {
			isa = PBXGroup;
			children = (
				7F0326FC2842619500E084AD /* pictel-sound-lib */,
				7F0327012842619500E084AD /* pictel-sound-sample */,
			);
			name = src;
			path = ../../src;
			sourceTree = "<group>";
		};
		7F0326FC2842619500E084AD /* pictel-sound-lib */ = {
			isa = PBXGroup;
			children = (
				7F0326FD2842619500E084AD /* include */,
				7F0327482842794900E084AD /* interfaces.h */,
				7F0326FF2842619500E084AD /* pictel_sound_library.cpp */,
				7F032717284264D800E084AD /* player.hpp */,
				7F032716284264D800E084AD /* player.cpp */,
				7F03274A284279BC00E084AD /* decoder_vorbis.hpp */,
				7F032749284279BC00E084AD /* decoder_vorbis.cpp */,
				7F03274D2842836200E084AD /* platform */,
			);
			path = "pictel-sound-lib";
			sourceTree = "<group>";
		};
		7F0326FD2842619500E084AD /* include */ = {
			isa = PBXGroup;
			children = (
				7F0326FE2842619500E084AD /* pictel_sound.h */,
				7F03275C2843B54600E084AD /* pictel_sound.hpp */,
			);
			path = include;
			sourceTree = "<group>";
		};
		7F0327012842619500E084AD /* pictel-sound-sample */ = {
			isa = PBXGroup;
			children = (
				7F0327022842619500E084AD /* macos */,
			);
			path = "pictel-sound-sample";
			sourceTree = "<group>";
		};
		7F0327022842619500E084AD /* macos */ = {
			isa = PBXGroup;
			children = (
				7F0327032842619500E084AD /* main.mm */,
			);
			path = macos;
			sourceTree = "<group>";
		};
		7F0327142842622500E084AD /* Frameworks */ = {
			isa = PBXGroup;
			children = (
				7F03275728437B7A00E084AD /* CoreFoundation.framework */,
				7F03275628437B7A00E084AD /* Foundation.framework */,
				7F032753284284FB00E084AD /* AudioToolbox.framework */,
			);
			name = Frameworks;
			sourceTree = "<group>";
		};
		7F032739284275DE00E084AD /* Dependencies */ = {
			isa = PBXGroup;
			children = (
				7F03273A284275F000E084AD /* lib */,
			);
			name = Dependencies;
			sourceTree = "<group>";
		};
		7F03273A284275F000E084AD /* lib */ = {
			isa = PBXGroup;
			children = (
				7F03273B284275F000E084AD /* win64 */,
				7F03273D284275F000E084AD /* macos-universal */,
				7F032742284275F000E084AD /* linux */,
			);
			name = lib;
			path = "../../external/ogg-vorbis/lib";
			sourceTree = "<group>";
		};
		7F03273B284275F000E084AD /* win64 */ = {
			isa = PBXGroup;
			children = (
				7F03273C284275F000E084AD /* README */,
			);
			path = win64;
			sourceTree = "<group>";
		};
		7F03273D284275F000E084AD /* macos-universal */ = {
			isa = PBXGroup;
			children = (
				7F03273E284275F000E084AD /* libvorbisfile.a */,
				7F03273F284275F000E084AD /* libogg.a */,
				7F032740284275F000E084AD /* libvorbisenc.a */,
				7F032741284275F000E084AD /* libvorbis.a */,
			);
			path = "macos-universal";
			sourceTree = "<group>";
		};
		7F032742284275F000E084AD /* linux */ = {
			isa = PBXGroup;
			children = (
				7F032743284275F000E084AD /* README */,
			);
			path = linux;
			sourceTree = "<group>";
		};
		7F03274D2842836200E084AD /* platform */ = {
			isa = PBXGroup;
			children = (
				7F03274E2842836200E084AD /* macos */,
			);
			path = platform;
			sourceTree = "<group>";
		};
		7F03274E2842836200E084AD /* macos */ = {
			isa = PBXGroup;
			children = (
				7F0327502842836C00E084AD /* system_audio_macos.h */,
				7F03274F2842836C00E084AD /* system_audio_macos.mm */,
			);
			path = macos;
			sourceTree = "<group>";
		};
/* End PBXGroup section */

/* Begin PBXHeadersBuildPhase section */
		7F0326E92842616E00E084AD /* Headers */ = {
			isa = PBXHeadersBuildPhase;
			buildActionMask = 2147483647;
			files = (
				7F03274C284279BC00E084AD /* decoder_vorbis.hpp in Headers */,
				7F0327522842836C00E084AD /* system_audio_macos.h in Headers */,
				7F032719284264D800E084AD /* player.hpp in Headers */,
			);
			runOnlyForDeploymentPostprocessing = 0;
		};
/* End PBXHeadersBuildPhase section */

/* Begin PBXNativeTarget section */
		7F0326EC2842616E00E084AD /* Pictel-sound-macos */ = {
			isa = PBXNativeTarget;
			buildConfigurationList = 7F0326F82842616E00E084AD /* Build configuration list for PBXNativeTarget "Pictel-sound-macos" */;
			buildPhases = (
				7F0326E92842616E00E084AD /* Headers */,
				7F0326EA2842616E00E084AD /* Sources */,
				7F0326EB2842616E00E084AD /* Frameworks */,
			);
			buildRules = (
			);
			dependencies = (
			);
			name = "Pictel-sound-macos";
			productName = "Pictel-sound";
			productReference = 7F0326ED2842616E00E084AD /* libPictel-sound-macos.a */;
			productType = "com.apple.product-type.library.static";
		};
		7F0327092842620C00E084AD /* Pictel-cmd-sample-app */ = {
			isa = PBXNativeTarget;
			buildConfigurationList = 7F03270E2842620C00E084AD /* Build configuration list for PBXNativeTarget "Pictel-cmd-sample-app" */;
			buildPhases = (
				7F0327062842620C00E084AD /* Sources */,
				7F0327072842620C00E084AD /* Frameworks */,
				7F0327082842620C00E084AD /* CopyFiles */,
			);
			buildRules = (
			);
			dependencies = (
				7F0327132842622100E084AD /* PBXTargetDependency */,
			);
			name = "Pictel-cmd-sample-app";
			productName = "Pictel-cmd-sample-app";
			productReference = 7F03270A2842620C00E084AD /* Pictel-cmd-sample-app */;
			productType = "com.apple.product-type.tool";
		};
/* End PBXNativeTarget section */

/* Begin PBXProject section */
		7F0326E52842616E00E084AD /* Project object */ = {
			isa = PBXProject;
			attributes = {
				BuildIndependentTargetsInParallel = 1;
				LastUpgradeCheck = 1330;
				TargetAttributes = {
					7F0326EC2842616E00E084AD = {
						CreatedOnToolsVersion = 13.3.1;
					};
					7F0327092842620C00E084AD = {
						CreatedOnToolsVersion = 13.3.1;
					};
				};
			};
			buildConfigurationList = 7F0326E82842616E00E084AD /* Build configuration list for PBXProject "Pictel-sound" */;
			compatibilityVersion = "Xcode 13.0";
			developmentRegion = en;
			hasScannedForEncodings = 0;
			knownRegions = (
				en,
				Base,
			);
			mainGroup = 7F0326E42842616E00E084AD;
			productRefGroup = 7F0326EE2842616E00E084AD /* Products */;
			projectDirPath = "";
			projectRoot = "";
			targets = (
				7F0326EC2842616E00E084AD /* Pictel-sound-macos */,
				7F0327092842620C00E084AD /* Pictel-cmd-sample-app */,
			);
		};
/* End PBXProject section */

/* Begin PBXSourcesBuildPhase section */
		7F0326EA2842616E00E084AD /* Sources */ = {
			isa = PBXSourcesBuildPhase;
			buildActionMask = 2147483647;
			files = (
				7F03274B284279BC00E084AD /* decoder_vorbis.cpp in Sources */,
				7F032704284261A400E084AD /* pictel_sound_library.cpp in Sources */,
				7F032718284264D800E084AD /* player.cpp in Sources */,
				7F0327512842836C00E084AD /* system_audio_macos.mm in Sources */,
			);
			runOnlyForDeploymentPostprocessing = 0;
		};
		7F0327062842620C00E084AD /* Sources */ = {
			isa = PBXSourcesBuildPhase;
			buildActionMask = 2147483647;
			files = (
				7F0327112842621A00E084AD /* main.mm in Sources */,
			);
			runOnlyForDeploymentPostprocessing = 0;
		};
/* End PBXSourcesBuildPhase section */

/* Begin PBXTargetDependency section */
		7F0327132842622100E084AD /* PBXTargetDependency */ = {
			isa = PBXTargetDependency;
			target = 7F0326EC2842616E00E084AD /* Pictel-sound-macos */;
			targetProxy = 7F0327122842622100E084AD /* PBXContainerItemProxy */;
		};
/* End PBXTargetDependency section */

/* Begin XCBuildConfiguration section */
		7F0326F62842616E00E084AD /* Debug */ = {
			isa = XCBuildConfiguration;
			buildSettings = {
				ALWAYS_SEARCH_USER_PATHS = NO;
				CLANG_ANALYZER_NONNULL = YES;
				CLANG_ANALYZER_NUMBER_OBJECT_CONVERSION = YES_AGGRESSIVE;
				CLANG_CXX_LANGUAGE_STANDARD = "gnu++17";
				CLANG_ENABLE_MODULES = YES;
				CLANG_ENABLE_OBJC_ARC = YES;
				CLANG_ENABLE_OBJC_WEAK = YES;
				CLANG_WARN_BLOCK_CAPTURE_AUTORELEASING = YES;
				CLANG_WARN_BOOL_CONVERSION = YES;
				CLANG_WARN_COMMA = YES;
				CLANG_WARN_CONSTANT_CONVERSION = YES;
				CLANG_WARN_DEPRECATED_OBJC_IMPLEMENTATIONS = YES;
				CLANG_WARN_DIRECT_OBJC_ISA_USAGE = YES_ERROR;
				CLANG_WARN_DOCUMENTATION_COMMENTS = YES;
				CLANG_WARN_EMPTY_BODY = YES;
				CLANG_WARN_ENUM_CONVERSION = YES;
				CLANG_WARN_INFINITE_RECURSION = YES;
				CLANG_WARN_INT_CONVERSION = YES;
				CLANG_WARN_NON_LITERAL_NULL_CONVERSION = YES;
				CLANG_WARN_OBJC_IMPLICIT_RETAIN_SELF = YES;
				CLANG_WARN_OBJC_LITERAL_CONVERSION = YES;
				CLANG_WARN_OBJC_ROOT_CLASS = YES_ERROR;
				CLANG_WARN_QUOTED_INCLUDE_IN_FRAMEWORK_HEADER = YES;
				CLANG_WARN_RANGE_LOOP_ANALYSIS = YES;
				CLANG_WARN_STRICT_PROTOTYPES = YES;
				CLANG_WARN_SUSPICIOUS_MOVE = YES;
				CLANG_WARN_UNGUARDED_AVAILABILITY = YES_AGGRESSIVE;
				CLANG_WARN_UNREACHABLE_CODE = YES;
				CLANG_WARN__DUPLICATE_METHOD_MATCH = YES;
				COPY_PHASE_STRIP = NO;
				DEBUG_INFORMATION_FORMAT = dwarf;
				ENABLE_STRICT_OBJC_MSGSEND = YES;
				ENABLE_TESTABILITY = YES;
				GCC_C_LANGUAGE_STANDARD = gnu11;
				GCC_DYNAMIC_NO_PIC = NO;
				GCC_NO_COMMON_BLOCKS = YES;
				GCC_OPTIMIZATION_LEVEL = 0;
				GCC_PREPROCESSOR_DEFINITIONS = (
					"DEBUG=1",
					"$(inherited)",
				);
				GCC_WARN_64_TO_32_BIT_CONVERSION = YES;
				GCC_WARN_ABOUT_RETURN_TYPE = YES_ERROR;
				GCC_WARN_UNDECLARED_SELECTOR = YES;
				GCC_WARN_UNINITIALIZED_AUTOS = YES_AGGRESSIVE;
				GCC_WARN_UNUSED_FUNCTION = YES;
				GCC_WARN_UNUSED_VARIABLE = YES;
				MACOSX_DEPLOYMENT_TARGET = 12.3;
				MTL_ENABLE_DEBUG_INFO = INCLUDE_SOURCE;
				MTL_FAST_MATH = YES;
				ONLY_ACTIVE_ARCH = YES;
				SDKROOT = macosx;
			};
			name = Debug;
		};
		7F0326F72842616E00E084AD /* Release */ = {
			isa = XCBuildConfiguration;
			buildSettings = {
				ALWAYS_SEARCH_USER_PATHS = NO;
				CLANG_ANALYZER_NONNULL = YES;
				CLANG_ANALYZER_NUMBER_OBJECT_CONVERSION = YES_AGGRESSIVE;
				CLANG_CXX_LANGUAGE_STANDARD = "gnu++17";
				CLANG_ENABLE_MODULES = YES;
				CLANG_ENABLE_OBJC_ARC = YES;
				CLANG_ENABLE_OBJC_WEAK = YES;
				CLANG_WARN_BLOCK_CAPTURE_AUTORELEASING = YES;
				CLANG_WARN_BOOL_CONVERSION = YES;
				CLANG_WARN_COMMA = YES;
				CLANG_WARN_CONSTANT_CONVERSION = YES;
				CLANG_WARN_DEPRECATED_OBJC_IMPLEMENTATIONS = YES;
				CLANG_WARN_DIRECT_OBJC_ISA_USAGE = YES_ERROR;
				CLANG_WARN_DOCUMENTATION_COMMENTS = YES;
				CLANG_WARN_EMPTY_BODY = YES;
				CLANG_WARN_ENUM_CONVERSION = YES;
				CLANG_WARN_INFINITE_RECURSION = YES;
				CLANG_WARN_INT_CONVERSION = YES;
				CLANG_WARN_NON_LITERAL_NULL_CONVERSION = YES;
				CLANG_WARN_OBJC_IMPLICIT_RETAIN_SELF = YES;
				CLANG_WARN_OBJC_LITERAL_CONVERSION = YES;
				CLANG_WARN_OBJC_ROOT_CLASS = YES_ERROR;
				CLANG_WARN_QUOTED_INCLUDE_IN_FRAMEWORK_HEADER = YES;
				CLANG_WARN_RANGE_LOOP_ANALYSIS = YES;
				CLANG_WARN_STRICT_PROTOTYPES = YES;
				CLANG_WARN_SUSPICIOUS_MOVE = YES;
				CLANG_WARN_UNGUARDED_AVAILABILITY = YES_AGGRESSIVE;
				CLANG_WARN_UNREACHABLE_CODE = YES;
				CLANG_WARN__DUPLICATE_METHOD_MATCH = YES;
				COPY_PHASE_STRIP = NO;
				DEBUG_INFORMATION_FORMAT = "dwarf-with-dsym";
				ENABLE_NS_ASSERTIONS = NO;
				ENABLE_STRICT_OBJC_MSGSEND = YES;
				GCC_C_LANGUAGE_STANDARD = gnu11;
				GCC_NO_COMMON_BLOCKS = YES;
				GCC_WARN_64_TO_32_BIT_CONVERSION = YES;
				GCC_WARN_ABOUT_RETURN_TYPE = YES_ERROR;
				GCC_WARN_UNDECLARED_SELECTOR = YES;
				GCC_WARN_UNINITIALIZED_AUTOS = YES_AGGRESSIVE;
				GCC_WARN_UNUSED_FUNCTION = YES;
				GCC_WARN_UNUSED_VARIABLE = YES;
				MACOSX_DEPLOYMENT_TARGET = 12.3;
				MTL_ENABLE_DEBUG_INFO = NO;
				MTL_FAST_MATH = YES;
				SDKROOT = macosx;
			};
			name = Release;
		};
		7F0326F92842616E00E084AD /* Debug */ = {
			isa = XCBuildConfiguration;
			buildSettings = {
				CODE_SIGN_STYLE = Automatic;
				DEVELOPMENT_TEAM = 75FQAVWUP3;
				EXECUTABLE_PREFIX = lib;
				GCC_ENABLE_CPP_EXCEPTIONS = YES;
				GCC_ENABLE_CPP_RTTI = YES;
				HEADER_SEARCH_PATHS = "$(SRCROOT)/../../external/ogg-vorbis/include";
				LIBRARY_SEARCH_PATHS = (
					"$(inherited)",
					"$(SRCROOT)/../../external/ogg-vorbis/lib/macos-universal",
				);
				PRODUCT_NAME = "$(TARGET_NAME)";
				SKIP_INSTALL = YES;
			};
			name = Debug;
		};
		7F0326FA2842616E00E084AD /* Release */ = {
			isa = XCBuildConfiguration;
			buildSettings = {
				CODE_SIGN_STYLE = Automatic;
				DEVELOPMENT_TEAM = 75FQAVWUP3;
				EXECUTABLE_PREFIX = lib;
				GCC_ENABLE_CPP_EXCEPTIONS = YES;
				GCC_ENABLE_CPP_RTTI = YES;
				HEADER_SEARCH_PATHS = "$(SRCROOT)/../../external/ogg-vorbis/include";
				LIBRARY_SEARCH_PATHS = (
					"$(inherited)",
					"$(SRCROOT)/../../external/ogg-vorbis/lib/macos-universal",
				);
				PRODUCT_NAME = "$(TARGET_NAME)";
				SKIP_INSTALL = YES;
			};
			name = Release;
		};
		7F03270F2842620C00E084AD /* Debug */ = {
			isa = XCBuildConfiguration;
			buildSettings = {
				CODE_SIGN_STYLE = Automatic;
				DEVELOPMENT_TEAM = 75FQAVWUP3;
				ENABLE_HARDENED_RUNTIME = YES;
				HEADER_SEARCH_PATHS = "$(SRCROOT)/../../external/ogg-vorbis/include";
				PRODUCT_NAME = "$(TARGET_NAME)";
			};
			name = Debug;
		};
		7F0327102842620C00E084AD /* Release */ = {
			isa = XCBuildConfiguration;
			buildSettings = {
				CODE_SIGN_STYLE = Automatic;
				DEVELOPMENT_TEAM = 75FQAVWUP3;
				ENABLE_HARDENED_RUNTIME = YES;
				HEADER_SEARCH_PATHS = "$(SRCROOT)/../../external/ogg-vorbis/include";
				PRODUCT_NAME = "$(TARGET_NAME)";
			};
			name = Release;
		};
/* End XCBuildConfiguration section */

/* Begin XCConfigurationList section */
		7F0326E82842616E00E084AD /* Build configuration list for PBXProject "Pictel-sound" */ = {
			isa = XCConfigurationList;
			buildConfigurations = (
				7F0326F62842616E00E084AD /* Debug */,
				7F0326F72842616E00E084AD /* Release */,
			);
			defaultConfigurationIsVisible = 0;
			defaultConfigurationName = Release;
		};
		7F0326F82842616E00E084AD /* Build configuration list for PBXNativeTarget "Pictel-sound-macos" */ = {
			isa = XCConfigurationList;
			buildConfigurations = (
				7F0326F92842616E00E084AD /* Debug */,
				7F0326FA2842616E00E084AD /* Release */,
			);
			defaultConfigurationIsVisible = 0;
			defaultConfigurationName = Release;
		};
		7F03270E2842620C00E084AD /* Build configuration list for PBXNativeTarget "Pictel-cmd-sample-app" */ = {
			isa = XCConfigurationList;
			buildConfigurations = (
				7F03270F2842620C00E084AD /* Debug */,
				7F0327102842620C00E084AD /* Release */,
			);
			defaultConfigurationIsVisible = 0;
			defaultConfigurationName = Release;
		};
/* End XCConfigurationList section */
	};
	rootObject = 7F0326E52842616E00E084AD /* Project object */;
}
